{
  "version": 4,
  "terraform_version": "1.0.9",
  "serial": 18,
  "lineage": "c1c0d1c8-15fd-7bab-c1ca-dadc2b4fa191",
  "outputs": {
    "kubernetes_cluster_host": {
      "value": "35.189.110.5",
      "type": "string"
    },
    "kubernetes_cluster_name": {
      "value": "lhauspie-tz-keda-gke",
      "type": "string"
    },
    "project_id": {
      "value": "lhauspie-tz-keda",
      "type": "string"
    },
    "region": {
      "value": "europe-west2",
      "type": "string"
    },
    "zone": {
      "value": "europe-west2-a",
      "type": "string"
    }
  },
  "resources": [
    {
      "mode": "managed",
      "type": "google_compute_network",
      "name": "network",
      "provider": "provider[\"registry.terraform.io/hashicorp/google\"]",
      "instances": [
        {
          "schema_version": 0,
          "attributes": {
            "auto_create_subnetworks": false,
            "delete_default_routes_on_create": false,
            "description": "",
            "gateway_ipv4": "",
            "id": "projects/lhauspie-tz-keda/global/networks/lhauspie-tz-keda-network",
            "mtu": 0,
            "name": "lhauspie-tz-keda-network",
            "project": "lhauspie-tz-keda",
            "routing_mode": "REGIONAL",
            "self_link": "https://www.googleapis.com/compute/v1/projects/lhauspie-tz-keda/global/networks/lhauspie-tz-keda-network",
            "timeouts": null
          },
          "sensitive_attributes": [],
          "private": "eyJlMmJmYjczMC1lY2FhLTExZTYtOGY4OC0zNDM2M2JjN2M0YzAiOnsiY3JlYXRlIjoyNDAwMDAwMDAwMDAsImRlbGV0ZSI6MjQwMDAwMDAwMDAwLCJ1cGRhdGUiOjI0MDAwMDAwMDAwMH19"
        }
      ]
    },
    {
      "mode": "managed",
      "type": "google_compute_subnetwork",
      "name": "subnet",
      "provider": "provider[\"registry.terraform.io/hashicorp/google\"]",
      "instances": [
        {
          "schema_version": 0,
          "attributes": {
            "creation_timestamp": "2021-10-29T14:25:34.330-07:00",
            "description": "",
            "fingerprint": null,
            "gateway_address": "10.10.0.1",
            "id": "projects/lhauspie-tz-keda/regions/europe-west2/subnetworks/lhauspie-tz-keda-subnet",
            "ip_cidr_range": "10.10.0.0/24",
            "log_config": [],
            "name": "lhauspie-tz-keda-subnet",
            "network": "https://www.googleapis.com/compute/v1/projects/lhauspie-tz-keda/global/networks/lhauspie-tz-keda-network",
            "private_ip_google_access": false,
            "private_ipv6_google_access": "DISABLE_GOOGLE_ACCESS",
            "project": "lhauspie-tz-keda",
            "region": "europe-west2",
            "secondary_ip_range": [],
            "self_link": "https://www.googleapis.com/compute/v1/projects/lhauspie-tz-keda/regions/europe-west2/subnetworks/lhauspie-tz-keda-subnet",
            "timeouts": null
          },
          "sensitive_attributes": [],
          "private": "eyJlMmJmYjczMC1lY2FhLTExZTYtOGY4OC0zNDM2M2JjN2M0YzAiOnsiY3JlYXRlIjozNjAwMDAwMDAwMDAsImRlbGV0ZSI6MzYwMDAwMDAwMDAwLCJ1cGRhdGUiOjM2MDAwMDAwMDAwMH19",
          "dependencies": [
            "google_compute_network.network"
          ]
        }
      ]
    },
    {
      "mode": "managed",
      "type": "google_container_cluster",
      "name": "primary",
      "provider": "provider[\"registry.terraform.io/hashicorp/google\"]",
      "instances": [
        {
          "schema_version": 1,
          "attributes": {
            "addons_config": [
              {
                "cloudrun_config": [],
                "horizontal_pod_autoscaling": [],
                "http_load_balancing": [],
                "network_policy_config": [
                  {
                    "disabled": true
                  }
                ]
              }
            ],
            "authenticator_groups_config": [],
            "cluster_autoscaling": [
              {
                "auto_provisioning_defaults": [],
                "enabled": false,
                "resource_limits": []
              }
            ],
            "cluster_ipv4_cidr": "10.44.0.0/14",
            "database_encryption": [
              {
                "key_name": "",
                "state": "DECRYPTED"
              }
            ],
            "default_max_pods_per_node": null,
            "description": "",
            "enable_binary_authorization": false,
            "enable_intranode_visibility": null,
            "enable_kubernetes_alpha": false,
            "enable_legacy_abac": false,
            "enable_shielded_nodes": false,
            "enable_tpu": null,
            "endpoint": "35.189.110.5",
            "id": "projects/lhauspie-tz-keda/locations/europe-west2-a/clusters/lhauspie-tz-keda-gke",
            "initial_node_count": 1,
            "instance_group_urls": [],
            "ip_allocation_policy": [],
            "label_fingerprint": "a9dc16a7",
            "location": "europe-west2-a",
            "logging_service": "logging.googleapis.com/kubernetes",
            "maintenance_policy": [],
            "master_auth": [
              {
                "client_certificate": "",
                "client_certificate_config": [
                  {
                    "issue_client_certificate": false
                  }
                ],
                "client_key": "",
                "cluster_ca_certificate": "LS0tLS1CRUdJTiBDRVJUSUZJQ0FURS0tLS0tCk1JSUVMRENDQXBTZ0F3SUJBZ0lRWVBJSmNURnpVdzhoR05VYi9lYWZCREFOQmdrcWhraUc5dzBCQVFzRkFEQXYKTVMwd0t3WURWUVFERXlSaU1Ea3daalkwT1MwMVl6a3hMVFJtTlRrdFlXUmlNeTA1WmpCaU5HWmtNbVE1TXpFdwpJQmNOTWpFeE1ESTVNakF5TmpBMVdoZ1BNakExTVRFd01qSXlNVEkyTURWYU1DOHhMVEFyQmdOVkJBTVRKR0l3Ck9UQm1OalE1TFRWak9URXROR1kxT1MxaFpHSXpMVGxtTUdJMFptUXlaRGt6TVRDQ0FhSXdEUVlKS29aSWh2Y04KQVFFQkJRQURnZ0dQQURDQ0FZb0NnZ0dCQU13Qzk4NXVJT0VaUjZ1eEVxUTQrOEI3Vm5jcVJaN0d3dDcxTG1vVQpFTm5jNVRDaC9GQXF0ZmlOdWR5Q1ZiMmxCcUdzSzVsOGFXY3JISVFRbmZ3dkZKamtuNFdQYXR0bkxuVVFENkZxCm1SUVZkd0hjRjA1WHZJdmpLYytJWGpHNERYVUVCajJ4anZ4dTZpSlRCbGpaaUIyWnl5amZ0Z3pIOXRmRTJjczEKbXBBK05GQmFyV3RsZUVOZ3FlcndLK2c5eXdnbzdETGlkbFF0OGRVWlYzNC9GbTFvRHoyUFlBb2xnbS9TZk9rSQpVc2paMnpwc2JIdHpiY1pHUU1NMDZtby9HY25wZXN3K0hZMzBQekxwU3BIZEIvdExaZEEySklsaHZMRkVxSFNOCmpsakZzZEY4bHpiMWtYdEtXTkF2aVNuM0Jtd0tQbkZ3K1VUcERhUGtQRkN1ZUNXbTlXUjk5aklkR3laSmlBSzcKYkRrU0ZDbURJWm9TK1diWDlOTVRwYkJtbnozOEYra2ttWGNXWWkxK09zK2dzbVBkbHlrVzlaWGtXMytpOXYrQgpOWXl6Q2c3Z3h2TTFMeHlVY2oyTEowajlMcXNLWHFORFVzT1NSWU9NTTY4VVZzNW15MnQ1SEVXRjBnWnhZUHJnCldWQTNFRWp4dXNYZDRETjg1QkVJbzUvKzR3SURBUUFCbzBJd1FEQU9CZ05WSFE4QkFmOEVCQU1DQWdRd0R3WUQKVlIwVEFRSC9CQVV3QXdFQi96QWRCZ05WSFE0RUZnUVVURlhFOHFhcnBPQnowR0x4UGx6czh1eWFaYW93RFFZSgpLb1pJaHZjTkFRRUxCUUFEZ2dHQkFGUE5EUlY5b3BuaTFnTTFsemRLeTJJKys0TE9yTzJ1WmY2WU16cHFpdmtXCjdDYTFnR2szWTh0YWVBYUd3U01JNy9Uc3l1bm91dEoyTys5QTVKanVHT0RndFZ6dXo5WnZkUi9ya3Jkd1NmRTgKMHExZ00vd1h2Y0xPbFBGWTBkNlh1bWN1TjBzZ3RtVVAwdUhGSDFLMk1sZjRjd21oeUcyZHcrN3lDQTZ3dFdqTgptbnh6cysxYnlQbU54MFdOSFJESmthbFNQeVlMMmZybXUyUndoYk94WWV1Zi96NTcwR004bW95UUZ0b2tQUzIvCjhDN0dyOGlsaXVBTHZLV1NjdGVFY0xxbEpNalA1d2FxbU54R0RmV2wvZHRxU2Qybm9OM3ZJVk00SG1HRGVzQWgKUzJZV0xmYXdmdHpHaS9DbTNmd3BFV01OWjc5YUxOYXIzcW9seHpRUHlyNWVIZVhHT3NINXVTdDRXOW1QbWk0eQpSYmdPU01DMTI2TFhCcWJXMlNzZHFMeG9oUjVLZE5yaFFMZnFsMWdOeG11aVJIMzIvM0hNQm9rNWxtb0QzQmsvCi9lRURlalJqd2F3bDZTYkg2UmRCV0hkV2dYZWVPQm5WbVU1WE1VRGxZTE9PNmZYSytiYUdkWEhiSUtXZTZqV2QKMHJPUDZqaGllcXJJbUJybmhYRFZUQT09Ci0tLS0tRU5EIENFUlRJRklDQVRFLS0tLS0K",
                "password": "",
                "username": ""
              }
            ],
            "master_authorized_networks_config": [],
            "master_version": "1.20.10-gke.301",
            "min_master_version": null,
            "monitoring_service": "monitoring.googleapis.com/kubernetes",
            "name": "lhauspie-tz-keda-gke",
            "network": "projects/lhauspie-tz-keda/global/networks/lhauspie-tz-keda-network",
            "network_policy": [
              {
                "enabled": false,
                "provider": "PROVIDER_UNSPECIFIED"
              }
            ],
            "node_config": [],
            "node_locations": [],
            "node_pool": [],
            "node_version": "1.20.10-gke.301",
            "operation": null,
            "pod_security_policy_config": [],
            "private_cluster_config": [],
            "project": "lhauspie-tz-keda",
            "release_channel": [
              {
                "channel": "REGULAR"
              }
            ],
            "remove_default_node_pool": true,
            "resource_labels": null,
            "resource_usage_export_config": [],
            "self_link": "https://container.googleapis.com/v1beta1/projects/lhauspie-tz-keda/zones/europe-west2-a/clusters/lhauspie-tz-keda-gke",
            "services_ipv4_cidr": "10.47.240.0/20",
            "subnetwork": "projects/lhauspie-tz-keda/regions/europe-west2/subnetworks/lhauspie-tz-keda-subnet",
            "timeouts": null,
            "vertical_pod_autoscaling": [],
            "workload_identity_config": []
          },
          "sensitive_attributes": [],
          "private": "eyJlMmJmYjczMC1lY2FhLTExZTYtOGY4OC0zNDM2M2JjN2M0YzAiOnsiY3JlYXRlIjoyNDAwMDAwMDAwMDAwLCJkZWxldGUiOjI0MDAwMDAwMDAwMDAsInJlYWQiOjI0MDAwMDAwMDAwMDAsInVwZGF0ZSI6MzYwMDAwMDAwMDAwMH0sInNjaGVtYV92ZXJzaW9uIjoiMSJ9",
          "dependencies": [
            "google_compute_network.network",
            "google_compute_subnetwork.subnet"
          ]
        }
      ]
    },
    {
      "mode": "managed",
      "type": "google_container_node_pool",
      "name": "primary_nodes",
      "provider": "provider[\"registry.terraform.io/hashicorp/google\"]",
      "instances": [
        {
          "schema_version": 1,
          "attributes": {
            "autoscaling": [],
            "cluster": "lhauspie-tz-keda-gke",
            "id": "projects/lhauspie-tz-keda/locations/europe-west2-a/clusters/lhauspie-tz-keda-gke/nodePools/lhauspie-tz-keda-gke-node-pool",
            "initial_node_count": 3,
            "instance_group_urls": [
              "https://www.googleapis.com/compute/v1/projects/lhauspie-tz-keda/zones/europe-west2-a/instanceGroupManagers/gke-lhauspie-tz-keda-lhauspie-tz-keda-f810402e-grp"
            ],
            "location": "europe-west2-a",
            "management": [
              {
                "auto_repair": true,
                "auto_upgrade": true
              }
            ],
            "max_pods_per_node": null,
            "name": "lhauspie-tz-keda-gke-node-pool",
            "name_prefix": "",
            "node_config": [
              {
                "disk_size_gb": 100,
                "disk_type": "pd-standard",
                "guest_accelerator": [],
                "image_type": "COS_CONTAINERD",
                "labels": {
                  "env": "lhauspie-tz-keda"
                },
                "local_ssd_count": 0,
                "machine_type": "n1-standard-2",
                "metadata": {
                  "disable-legacy-endpoints": "true"
                },
                "min_cpu_platform": "",
                "oauth_scopes": [
                  "https://www.googleapis.com/auth/logging.write",
                  "https://www.googleapis.com/auth/monitoring"
                ],
                "preemptible": true,
                "service_account": "default",
                "shielded_instance_config": [
                  {
                    "enable_integrity_monitoring": true,
                    "enable_secure_boot": false
                  }
                ],
                "tags": [
                  "gke-node",
                  "lhauspie-tz-keda-gke"
                ],
                "taint": [],
                "workload_metadata_config": []
              }
            ],
            "node_count": 3,
            "node_locations": [
              "europe-west2-a"
            ],
            "project": "lhauspie-tz-keda",
            "timeouts": null,
            "upgrade_settings": [
              {
                "max_surge": 1,
                "max_unavailable": 0
              }
            ],
            "version": "1.20.10-gke.301"
          },
          "sensitive_attributes": [],
          "private": "eyJlMmJmYjczMC1lY2FhLTExZTYtOGY4OC0zNDM2M2JjN2M0YzAiOnsiY3JlYXRlIjoxODAwMDAwMDAwMDAwLCJkZWxldGUiOjE4MDAwMDAwMDAwMDAsInVwZGF0ZSI6MTgwMDAwMDAwMDAwMH0sInNjaGVtYV92ZXJzaW9uIjoiMSJ9",
          "dependencies": [
            "google_compute_network.network",
            "google_compute_subnetwork.subnet",
            "google_container_cluster.primary"
          ]
        }
      ]
    }
  ]
}
